{
  "name": "rumlisp_ts",
  "version": "1.0.0",
  "lockfileVersion": 1,
  "requires": true,
  "dependencies": {
    "@types/node": {
      "version": "14.0.23",
      "resolved": "https://registry.npm.taobao.org/@types/node/download/@types/node-14.0.23.tgz?cache=0&sync_timestamp=1594655900445&other_urls=https%3A%2F%2Fregistry.npm.taobao.org%2F%40types%2Fnode%2Fdownload%2F%40types%2Fnode-14.0.23.tgz",
      "integrity": "sha1-Z2+giDRQ7Z2guyQVYhNjYpCJKAY="
    },
    "@types/readline-sync": {
      "version": "1.4.3",
      "resolved": "https://registry.npm.taobao.org/@types/readline-sync/download/@types/readline-sync-1.4.3.tgz",
      "integrity": "sha1-6sVaOdWjSZEgYsnlIWzVUMB/2cg="
    },
    "readline-sync": {
      "version": "1.4.10",
      "resolved": "https://registry.npm.taobao.org/readline-sync/download/readline-sync-1.4.10.tgz",
      "integrity": "sha1-Qd9/u0tjEtZzARWUFFcFv1bYhzs="
    },
    "scanf": {
      "version": "1.1.1",
      "resolved": "https://registry.npm.taobao.org/scanf/download/scanf-1.1.1.tgz",
      "integrity": "sha1-XXZfv7ZgbJjYpmYqSepbFZAqXQM="
    }
  }
}
